// !$*UTF8*$!
{
	archiveVersion = 1;
	classes = {
	};
	objectVersion = 56;
	objects = {

/* Begin PBXBuildFile section */
		D97E2D0229FA4C1A00FC5A3C /* AppDelegate.swift in Sources */ = {isa = PBXBuildFile; fileRef = D97E2D0129FA4C1A00FC5A3C /* AppDelegate.swift */; };
		D97E2D0429FA4C1A00FC5A3C /* SceneDelegate.swift in Sources */ = {isa = PBXBuildFile; fileRef = D97E2D0329FA4C1A00FC5A3C /* SceneDelegate.swift */; };
		D97E2D0B29FA4C1B00FC5A3C /* Assets.xcassets in Resources */ = {isa = PBXBuildFile; fileRef = D97E2D0A29FA4C1B00FC5A3C /* Assets.xcassets */; };
		D97E2D0E29FA4C1B00FC5A3C /* LaunchScreen.storyboard in Resources */ = {isa = PBXBuildFile; fileRef = D97E2D0C29FA4C1B00FC5A3C /* LaunchScreen.storyboard */; };
		D97E2D1729FA4CBE00FC5A3C /* ProductosTVC.xib in Resources */ = {isa = PBXBuildFile; fileRef = D97E2D1629FA4CBE00FC5A3C /* ProductosTVC.xib */; };
		D97E2D2129FA4D3700FC5A3C /* ProductosContracts.swift in Sources */ = {isa = PBXBuildFile; fileRef = D97E2D1B29FA4D3600FC5A3C /* ProductosContracts.swift */; };
		D97E2D2229FA4D3700FC5A3C /* ProductosTVC.swift in Sources */ = {isa = PBXBuildFile; fileRef = D97E2D1C29FA4D3600FC5A3C /* ProductosTVC.swift */; };
		D97E2D2329FA4D3700FC5A3C /* ProductosWireframe.swift in Sources */ = {isa = PBXBuildFile; fileRef = D97E2D1D29FA4D3600FC5A3C /* ProductosWireframe.swift */; };
		D97E2D2429FA4D3700FC5A3C /* ProductosConfigurator.swift in Sources */ = {isa = PBXBuildFile; fileRef = D97E2D1E29FA4D3600FC5A3C /* ProductosConfigurator.swift */; };
		D97E2D2529FA4D3700FC5A3C /* ProductosPresenter.swift in Sources */ = {isa = PBXBuildFile; fileRef = D97E2D1F29FA4D3700FC5A3C /* ProductosPresenter.swift */; };
		D97E2D2629FA4D3700FC5A3C /* ProductosInteractor.swift in Sources */ = {isa = PBXBuildFile; fileRef = D97E2D2029FA4D3700FC5A3C /* ProductosInteractor.swift */; };
		D97E2D2E29FA4E5F00FC5A3C /* FeedbackViewInterface.swift in Sources */ = {isa = PBXBuildFile; fileRef = D97E2D2829FA4E5F00FC5A3C /* FeedbackViewInterface.swift */; };
		D97E2D2F29FA4E5F00FC5A3C /* Configurator.swift in Sources */ = {isa = PBXBuildFile; fileRef = D97E2D2929FA4E5F00FC5A3C /* Configurator.swift */; };
		D97E2D3029FA4E5F00FC5A3C /* Interactor.swift in Sources */ = {isa = PBXBuildFile; fileRef = D97E2D2A29FA4E5F00FC5A3C /* Interactor.swift */; };
		D97E2D3129FA4E5F00FC5A3C /* Presenter.swift in Sources */ = {isa = PBXBuildFile; fileRef = D97E2D2B29FA4E5F00FC5A3C /* Presenter.swift */; };
		D97E2D3229FA4E5F00FC5A3C /* ViewProtocol.swift in Sources */ = {isa = PBXBuildFile; fileRef = D97E2D2C29FA4E5F00FC5A3C /* ViewProtocol.swift */; };
		D97E2D3329FA4E5F00FC5A3C /* WireframeProtocol.swift in Sources */ = {isa = PBXBuildFile; fileRef = D97E2D2D29FA4E5F00FC5A3C /* WireframeProtocol.swift */; };
		D97E2D3729FA4F2E00FC5A3C /* UIViewController+Extension.swift in Sources */ = {isa = PBXBuildFile; fileRef = D97E2D3629FA4F2E00FC5A3C /* UIViewController+Extension.swift */; };
		D97E2D3B29FA4F9E00FC5A3C /* Models.swift in Sources */ = {isa = PBXBuildFile; fileRef = D97E2D3A29FA4F9E00FC5A3C /* Models.swift */; };
		D97E2D3E29FA525700FC5A3C /* NetworkManager.swift in Sources */ = {isa = PBXBuildFile; fileRef = D97E2D3D29FA525700FC5A3C /* NetworkManager.swift */; };
		D97E2D4129FA54CA00FC5A3C /* ProductosModel.swift in Sources */ = {isa = PBXBuildFile; fileRef = D97E2D4029FA54CA00FC5A3C /* ProductosModel.swift */; };
		D97E2D4529FA55A900FC5A3C /* RemoteModule.swift in Sources */ = {isa = PBXBuildFile; fileRef = D97E2D4429FA55A900FC5A3C /* RemoteModule.swift */; };
		D97E2D4729FA55B500FC5A3C /* ServiceLocator.swift in Sources */ = {isa = PBXBuildFile; fileRef = D97E2D4629FA55B500FC5A3C /* ServiceLocator.swift */; };
		D97E2D4929FA564D00FC5A3C /* Configuration.swift in Sources */ = {isa = PBXBuildFile; fileRef = D97E2D4829FA564D00FC5A3C /* Configuration.swift */; };
		D97E2D4B29FA56DB00FC5A3C /* Request.swift in Sources */ = {isa = PBXBuildFile; fileRef = D97E2D4A29FA56DB00FC5A3C /* Request.swift */; };
		D97E2D4D29FA570800FC5A3C /* ProductosCell.xib in Resources */ = {isa = PBXBuildFile; fileRef = D97E2D4C29FA570800FC5A3C /* ProductosCell.xib */; };
		D97E2D5129FA575400FC5A3C /* ProductosCell.swift in Sources */ = {isa = PBXBuildFile; fileRef = D97E2D5029FA575400FC5A3C /* ProductosCell.swift */; };
		D99A219D29FF56DF00758213 /* AlamofireImage in Frameworks */ = {isa = PBXBuildFile; productRef = D99A219C29FF56DF00758213 /* AlamofireImage */; };
		D9A6B5E129FB943A0061A2FC /* ProductosMapper.swift in Sources */ = {isa = PBXBuildFile; fileRef = D9A6B5E029FB943A0061A2FC /* ProductosMapper.swift */; };
/* End PBXBuildFile section */

/* Begin PBXFileReference section */
		D97E2CFE29FA4C1A00FC5A3C /* Spira.app */ = {isa = PBXFileReference; explicitFileType = wrapper.application; includeInIndex = 0; path = Spira.app; sourceTree = BUILT_PRODUCTS_DIR; };
		D97E2D0129FA4C1A00FC5A3C /* AppDelegate.swift */ = {isa = PBXFileReference; lastKnownFileType = sourcecode.swift; path = AppDelegate.swift; sourceTree = "<group>"; };
		D97E2D0329FA4C1A00FC5A3C /* SceneDelegate.swift */ = {isa = PBXFileReference; lastKnownFileType = sourcecode.swift; path = SceneDelegate.swift; sourceTree = "<group>"; };
		D97E2D0A29FA4C1B00FC5A3C /* Assets.xcassets */ = {isa = PBXFileReference; lastKnownFileType = folder.assetcatalog; path = Assets.xcassets; sourceTree = "<group>"; };
		D97E2D0D29FA4C1B00FC5A3C /* Base */ = {isa = PBXFileReference; lastKnownFileType = file.storyboard; name = Base; path = Base.lproj/LaunchScreen.storyboard; sourceTree = "<group>"; };
		D97E2D0F29FA4C1B00FC5A3C /* Info.plist */ = {isa = PBXFileReference; lastKnownFileType = text.plist.xml; path = Info.plist; sourceTree = "<group>"; };
		D97E2D1629FA4CBE00FC5A3C /* ProductosTVC.xib */ = {isa = PBXFileReference; fileEncoding = 4; lastKnownFileType = file.xib; path = ProductosTVC.xib; sourceTree = "<group>"; };
		D97E2D1B29FA4D3600FC5A3C /* ProductosContracts.swift */ = {isa = PBXFileReference; fileEncoding = 4; lastKnownFileType = sourcecode.swift; path = ProductosContracts.swift; sourceTree = "<group>"; };
		D97E2D1C29FA4D3600FC5A3C /* ProductosTVC.swift */ = {isa = PBXFileReference; fileEncoding = 4; lastKnownFileType = sourcecode.swift; path = ProductosTVC.swift; sourceTree = "<group>"; };
		D97E2D1D29FA4D3600FC5A3C /* ProductosWireframe.swift */ = {isa = PBXFileReference; fileEncoding = 4; lastKnownFileType = sourcecode.swift; path = ProductosWireframe.swift; sourceTree = "<group>"; };
		D97E2D1E29FA4D3600FC5A3C /* ProductosConfigurator.swift */ = {isa = PBXFileReference; fileEncoding = 4; lastKnownFileType = sourcecode.swift; path = ProductosConfigurator.swift; sourceTree = "<group>"; };
		D97E2D1F29FA4D3700FC5A3C /* ProductosPresenter.swift */ = {isa = PBXFileReference; fileEncoding = 4; lastKnownFileType = sourcecode.swift; path = ProductosPresenter.swift; sourceTree = "<group>"; };
		D97E2D2029FA4D3700FC5A3C /* ProductosInteractor.swift */ = {isa = PBXFileReference; fileEncoding = 4; lastKnownFileType = sourcecode.swift; path = ProductosInteractor.swift; sourceTree = "<group>"; };
		D97E2D2829FA4E5F00FC5A3C /* FeedbackViewInterface.swift */ = {isa = PBXFileReference; fileEncoding = 4; lastKnownFileType = sourcecode.swift; path = FeedbackViewInterface.swift; sourceTree = "<group>"; };
		D97E2D2929FA4E5F00FC5A3C /* Configurator.swift */ = {isa = PBXFileReference; fileEncoding = 4; lastKnownFileType = sourcecode.swift; path = Configurator.swift; sourceTree = "<group>"; };
		D97E2D2A29FA4E5F00FC5A3C /* Interactor.swift */ = {isa = PBXFileReference; fileEncoding = 4; lastKnownFileType = sourcecode.swift; path = Interactor.swift; sourceTree = "<group>"; };
		D97E2D2B29FA4E5F00FC5A3C /* Presenter.swift */ = {isa = PBXFileReference; fileEncoding = 4; lastKnownFileType = sourcecode.swift; path = Presenter.swift; sourceTree = "<group>"; };
		D97E2D2C29FA4E5F00FC5A3C /* ViewProtocol.swift */ = {isa = PBXFileReference; fileEncoding = 4; lastKnownFileType = sourcecode.swift; path = ViewProtocol.swift; sourceTree = "<group>"; };
		D97E2D2D29FA4E5F00FC5A3C /* WireframeProtocol.swift */ = {isa = PBXFileReference; fileEncoding = 4; lastKnownFileType = sourcecode.swift; path = WireframeProtocol.swift; sourceTree = "<group>"; };
		D97E2D3629FA4F2E00FC5A3C /* UIViewController+Extension.swift */ = {isa = PBXFileReference; fileEncoding = 4; lastKnownFileType = sourcecode.swift; path = "UIViewController+Extension.swift"; sourceTree = "<group>"; };
		D97E2D3A29FA4F9E00FC5A3C /* Models.swift */ = {isa = PBXFileReference; fileEncoding = 4; lastKnownFileType = sourcecode.swift; path = Models.swift; sourceTree = "<group>"; };
		D97E2D3D29FA525700FC5A3C /* NetworkManager.swift */ = {isa = PBXFileReference; fileEncoding = 4; lastKnownFileType = sourcecode.swift; path = NetworkManager.swift; sourceTree = "<group>"; };
		D97E2D4029FA54CA00FC5A3C /* ProductosModel.swift */ = {isa = PBXFileReference; lastKnownFileType = sourcecode.swift; path = ProductosModel.swift; sourceTree = "<group>"; };
		D97E2D4429FA55A900FC5A3C /* RemoteModule.swift */ = {isa = PBXFileReference; fileEncoding = 4; lastKnownFileType = sourcecode.swift; path = RemoteModule.swift; sourceTree = "<group>"; };
		D97E2D4629FA55B500FC5A3C /* ServiceLocator.swift */ = {isa = PBXFileReference; fileEncoding = 4; lastKnownFileType = sourcecode.swift; path = ServiceLocator.swift; sourceTree = "<group>"; };
		D97E2D4829FA564D00FC5A3C /* Configuration.swift */ = {isa = PBXFileReference; fileEncoding = 4; lastKnownFileType = sourcecode.swift; path = Configuration.swift; sourceTree = "<group>"; };
		D97E2D4A29FA56DB00FC5A3C /* Request.swift */ = {isa = PBXFileReference; fileEncoding = 4; lastKnownFileType = sourcecode.swift; path = Request.swift; sourceTree = "<group>"; };
		D97E2D4C29FA570800FC5A3C /* ProductosCell.xib */ = {isa = PBXFileReference; fileEncoding = 4; lastKnownFileType = file.xib; path = ProductosCell.xib; sourceTree = "<group>"; };
		D97E2D5029FA575400FC5A3C /* ProductosCell.swift */ = {isa = PBXFileReference; fileEncoding = 4; lastKnownFileType = sourcecode.swift; path = ProductosCell.swift; sourceTree = "<group>"; };
		D9A6B5E029FB943A0061A2FC /* ProductosMapper.swift */ = {isa = PBXFileReference; lastKnownFileType = sourcecode.swift; path = ProductosMapper.swift; sourceTree = "<group>"; };
/* End PBXFileReference section */

/* Begin PBXFrameworksBuildPhase section */
		D97E2CFB29FA4C1A00FC5A3C /* Frameworks */ = {
			isa = PBXFrameworksBuildPhase;
			buildActionMask = 2147483647;
			files = (
				D99A219D29FF56DF00758213 /* AlamofireImage in Frameworks */,
			);
			runOnlyForDeploymentPostprocessing = 0;
		};
/* End PBXFrameworksBuildPhase section */

/* Begin PBXGroup section */
		D97E2CF529FA4C1A00FC5A3C = {
			isa = PBXGroup;
			children = (
				D97E2D0029FA4C1A00FC5A3C /* Spira */,
				D97E2CFF29FA4C1A00FC5A3C /* Products */,
			);
			sourceTree = "<group>";
		};
		D97E2CFF29FA4C1A00FC5A3C /* Products */ = {
			isa = PBXGroup;
			children = (
				D97E2CFE29FA4C1A00FC5A3C /* Spira.app */,
			);
			name = Products;
			sourceTree = "<group>";
		};
		D97E2D0029FA4C1A00FC5A3C /* Spira */ = {
			isa = PBXGroup;
			children = (
				D97E2D4229FA558600FC5A3C /* App */,
				D97E2D3829FA4F8200FC5A3C /* Data */,
				D97E2D1829FA4CD600FC5A3C /* Source */,
				D97E2D1529FA4C8700FC5A3C /* UI */,
				D97E2D0A29FA4C1B00FC5A3C /* Assets.xcassets */,
				D97E2D0F29FA4C1B00FC5A3C /* Info.plist */,
			);
			path = Spira;
			sourceTree = "<group>";
		};
		D97E2D1529FA4C8700FC5A3C /* UI */ = {
			isa = PBXGroup;
			children = (
				D97E2D0C29FA4C1B00FC5A3C /* LaunchScreen.storyboard */,
				D97E2D1629FA4CBE00FC5A3C /* ProductosTVC.xib */,
				D97E2D4C29FA570800FC5A3C /* ProductosCell.xib */,
			);
			path = UI;
			sourceTree = "<group>";
		};
		D97E2D1829FA4CD600FC5A3C /* Source */ = {
			isa = PBXGroup;
			children = (
				D97E2D2729FA4E4600FC5A3C /* Contracts */,
				D97E2D1929FA4CE900FC5A3C /* Presentation */,
			);
			path = Source;
			sourceTree = "<group>";
		};
		D97E2D1929FA4CE900FC5A3C /* Presentation */ = {
			isa = PBXGroup;
			children = (
				D97E2D4F29FA574700FC5A3C /* Commons */,
				D97E2D3529FA4F1F00FC5A3C /* Extensions */,
				D97E2D3429FA4F1100FC5A3C /* Scenes */,
			);
			path = Presentation;
			sourceTree = "<group>";
		};
		D97E2D1A29FA4CFB00FC5A3C /* Productos */ = {
			isa = PBXGroup;
			children = (
				D97E2D1E29FA4D3600FC5A3C /* ProductosConfigurator.swift */,
				D97E2D1B29FA4D3600FC5A3C /* ProductosContracts.swift */,
				D97E2D2029FA4D3700FC5A3C /* ProductosInteractor.swift */,
				D97E2D1F29FA4D3700FC5A3C /* ProductosPresenter.swift */,
				D97E2D1C29FA4D3600FC5A3C /* ProductosTVC.swift */,
				D97E2D1D29FA4D3600FC5A3C /* ProductosWireframe.swift */,
			);
			path = Productos;
			sourceTree = "<group>";
		};
		D97E2D2729FA4E4600FC5A3C /* Contracts */ = {
			isa = PBXGroup;
			children = (
				D97E2D2929FA4E5F00FC5A3C /* Configurator.swift */,
				D97E2D2829FA4E5F00FC5A3C /* FeedbackViewInterface.swift */,
				D97E2D2A29FA4E5F00FC5A3C /* Interactor.swift */,
				D97E2D2B29FA4E5F00FC5A3C /* Presenter.swift */,
				D97E2D2C29FA4E5F00FC5A3C /* ViewProtocol.swift */,
				D97E2D2D29FA4E5F00FC5A3C /* WireframeProtocol.swift */,
			);
			path = Contracts;
			sourceTree = "<group>";
		};
		D97E2D3429FA4F1100FC5A3C /* Scenes */ = {
			isa = PBXGroup;
			children = (
				D97E2D1A29FA4CFB00FC5A3C /* Productos */,
			);
			path = Scenes;
			sourceTree = "<group>";
		};
		D97E2D3529FA4F1F00FC5A3C /* Extensions */ = {
			isa = PBXGroup;
			children = (
				D97E2D3629FA4F2E00FC5A3C /* UIViewController+Extension.swift */,
			);
			path = Extensions;
			sourceTree = "<group>";
		};
		D97E2D3829FA4F8200FC5A3C /* Data */ = {
			isa = PBXGroup;
			children = (
				D97E2D3F29FA54AF00FC5A3C /* Models */,
				D9A6B5DF29FB93E00061A2FC /* Mappers */,
				D97E2D3C29FA523500FC5A3C /* Managers */,
				D97E2D3929FA4F8C00FC5A3C /* Commons */,
			);
			path = Data;
			sourceTree = "<group>";
		};
		D97E2D3929FA4F8C00FC5A3C /* Commons */ = {
			isa = PBXGroup;
			children = (
				D97E2D3A29FA4F9E00FC5A3C /* Models.swift */,
			);
			path = Commons;
			sourceTree = "<group>";
		};
		D97E2D3C29FA523500FC5A3C /* Managers */ = {
			isa = PBXGroup;
			children = (
				D97E2D3D29FA525700FC5A3C /* NetworkManager.swift */,
			);
			path = Managers;
			sourceTree = "<group>";
		};
		D97E2D3F29FA54AF00FC5A3C /* Models */ = {
			isa = PBXGroup;
			children = (
				D97E2D4029FA54CA00FC5A3C /* ProductosModel.swift */,
				D97E2D4A29FA56DB00FC5A3C /* Request.swift */,
			);
			path = Models;
			sourceTree = "<group>";
		};
		D97E2D4229FA558600FC5A3C /* App */ = {
			isa = PBXGroup;
			children = (
				D97E2D4629FA55B500FC5A3C /* ServiceLocator.swift */,
				D97E2D0129FA4C1A00FC5A3C /* AppDelegate.swift */,
				D97E2D0329FA4C1A00FC5A3C /* SceneDelegate.swift */,
				D97E2D4829FA564D00FC5A3C /* Configuration.swift */,
				D97E2D4329FA559900FC5A3C /* Modules */,
			);
			path = App;
			sourceTree = "<group>";
		};
		D97E2D4329FA559900FC5A3C /* Modules */ = {
			isa = PBXGroup;
			children = (
				D97E2D4429FA55A900FC5A3C /* RemoteModule.swift */,
			);
			path = Modules;
			sourceTree = "<group>";
		};
		D97E2D4F29FA574700FC5A3C /* Commons */ = {
			isa = PBXGroup;
			children = (
				D97E2D5029FA575400FC5A3C /* ProductosCell.swift */,
			);
			path = Commons;
			sourceTree = "<group>";
		};
		D9A6B5DF29FB93E00061A2FC /* Mappers */ = {
			isa = PBXGroup;
			children = (
				D9A6B5E029FB943A0061A2FC /* ProductosMapper.swift */,
			);
			path = Mappers;
			sourceTree = "<group>";
		};
/* End PBXGroup section */

/* Begin PBXNativeTarget section */
		D97E2CFD29FA4C1A00FC5A3C /* Spira */ = {
			isa = PBXNativeTarget;
			buildConfigurationList = D97E2D1229FA4C1B00FC5A3C /* Build configuration list for PBXNativeTarget "Spira" */;
			buildPhases = (
				D97E2CFA29FA4C1A00FC5A3C /* Sources */,
				D97E2CFB29FA4C1A00FC5A3C /* Frameworks */,
				D97E2CFC29FA4C1A00FC5A3C /* Resources */,
			);
			buildRules = (
			);
			dependencies = (
			);
			name = Spira;
			packageProductDependencies = (
				D99A219C29FF56DF00758213 /* AlamofireImage */,
			);
			productName = Spira;
			productReference = D97E2CFE29FA4C1A00FC5A3C /* Spira.app */;
			productType = "com.apple.product-type.application";
		};
/* End PBXNativeTarget section */

/* Begin PBXProject section */
		D97E2CF629FA4C1A00FC5A3C /* Project object */ = {
			isa = PBXProject;
			attributes = {
				BuildIndependentTargetsInParallel = 1;
				LastSwiftUpdateCheck = 1430;
				LastUpgradeCheck = 1430;
				TargetAttributes = {
					D97E2CFD29FA4C1A00FC5A3C = {
						CreatedOnToolsVersion = 14.3;
					};
				};
			};
			buildConfigurationList = D97E2CF929FA4C1A00FC5A3C /* Build configuration list for PBXProject "Spira" */;
			compatibilityVersion = "Xcode 14.0";
			developmentRegion = en;
			hasScannedForEncodings = 0;
			knownRegions = (
				en,
				Base,
			);
			mainGroup = D97E2CF529FA4C1A00FC5A3C;
			packageReferences = (
				D99A219B29FF56DF00758213 /* XCRemoteSwiftPackageReference "AlamofireImage" */,
			);
			productRefGroup = D97E2CFF29FA4C1A00FC5A3C /* Products */;
			projectDirPath = "";
			projectRoot = "";
			targets = (
				D97E2CFD29FA4C1A00FC5A3C /* Spira */,
			);
		};
/* End PBXProject section */

/* Begin PBXResourcesBuildPhase section */
		D97E2CFC29FA4C1A00FC5A3C /* Resources */ = {
			isa = PBXResourcesBuildPhase;
			buildActionMask = 2147483647;
			files = (
				D97E2D4D29FA570800FC5A3C /* ProductosCell.xib in Resources */,
				D97E2D1729FA4CBE00FC5A3C /* ProductosTVC.xib in Resources */,
				D97E2D0E29FA4C1B00FC5A3C /* LaunchScreen.storyboard in Resources */,
				D97E2D0B29FA4C1B00FC5A3C /* Assets.xcassets in Resources */,
			);
			runOnlyForDeploymentPostprocessing = 0;
		};
/* End PBXResourcesBuildPhase section */

/* Begin PBXSourcesBuildPhase section */
		D97E2CFA29FA4C1A00FC5A3C /* Sources */ = {
			isa = PBXSourcesBuildPhase;
			buildActionMask = 2147483647;
			files = (
				D9A6B5E129FB943A0061A2FC /* ProductosMapper.swift in Sources */,
				D97E2D3E29FA525700FC5A3C /* NetworkManager.swift in Sources */,
				D97E2D3729FA4F2E00FC5A3C /* UIViewController+Extension.swift in Sources */,
				D97E2D5129FA575400FC5A3C /* ProductosCell.swift in Sources */,
				D97E2D3B29FA4F9E00FC5A3C /* Models.swift in Sources */,
				D97E2D2629FA4D3700FC5A3C /* ProductosInteractor.swift in Sources */,
				D97E2D2F29FA4E5F00FC5A3C /* Configurator.swift in Sources */,
				D97E2D2E29FA4E5F00FC5A3C /* FeedbackViewInterface.swift in Sources */,
				D97E2D4729FA55B500FC5A3C /* ServiceLocator.swift in Sources */,
				D97E2D2229FA4D3700FC5A3C /* ProductosTVC.swift in Sources */,
				D97E2D4B29FA56DB00FC5A3C /* Request.swift in Sources */,
				D97E2D3229FA4E5F00FC5A3C /* ViewProtocol.swift in Sources */,
				D97E2D2429FA4D3700FC5A3C /* ProductosConfigurator.swift in Sources */,
				D97E2D4929FA564D00FC5A3C /* Configuration.swift in Sources */,
				D97E2D3329FA4E5F00FC5A3C /* WireframeProtocol.swift in Sources */,
				D97E2D2129FA4D3700FC5A3C /* ProductosContracts.swift in Sources */,
				D97E2D3029FA4E5F00FC5A3C /* Interactor.swift in Sources */,
				D97E2D0229FA4C1A00FC5A3C /* AppDelegate.swift in Sources */,
				D97E2D0429FA4C1A00FC5A3C /* SceneDelegate.swift in Sources */,
				D97E2D4529FA55A900FC5A3C /* RemoteModule.swift in Sources */,
				D97E2D3129FA4E5F00FC5A3C /* Presenter.swift in Sources */,
				D97E2D2329FA4D3700FC5A3C /* ProductosWireframe.swift in Sources */,
				D97E2D4129FA54CA00FC5A3C /* ProductosModel.swift in Sources */,
				D97E2D2529FA4D3700FC5A3C /* ProductosPresenter.swift in Sources */,
			);
			runOnlyForDeploymentPostprocessing = 0;
		};
/* End PBXSourcesBuildPhase section */

/* Begin PBXVariantGroup section */
		D97E2D0C29FA4C1B00FC5A3C /* LaunchScreen.storyboard */ = {
			isa = PBXVariantGroup;
			children = (
				D97E2D0D29FA4C1B00FC5A3C /* Base */,
			);
			name = LaunchScreen.storyboard;
			sourceTree = "<group>";
		};
/* End PBXVariantGroup section */

/* Begin XCBuildConfiguration section */
		D97E2D1029FA4C1B00FC5A3C /* Debug */ = {
			isa = XCBuildConfiguration;
			buildSettings = {
				ALWAYS_SEARCH_USER_PATHS = NO;
				CLANG_ANALYZER_NONNULL = YES;
				CLANG_ANALYZER_NUMBER_OBJECT_CONVERSION = YES_AGGRESSIVE;
				CLANG_CXX_LANGUAGE_STANDARD = "gnu++20";
				CLANG_ENABLE_MODULES = YES;
				CLANG_ENABLE_OBJC_ARC = YES;
				CLANG_ENABLE_OBJC_WEAK = YES;
				CLANG_WARN_BLOCK_CAPTURE_AUTORELEASING = YES;
				CLANG_WARN_BOOL_CONVERSION = YES;
				CLANG_WARN_COMMA = YES;
				CLANG_WARN_CONSTANT_CONVERSION = YES;
				CLANG_WARN_DEPRECATED_OBJC_IMPLEMENTATIONS = YES;
				CLANG_WARN_DIRECT_OBJC_ISA_USAGE = YES_ERROR;
				CLANG_WARN_DOCUMENTATION_COMMENTS = YES;
				CLANG_WARN_EMPTY_BODY = YES;
				CLANG_WARN_ENUM_CONVERSION = YES;
				CLANG_WARN_INFINITE_RECURSION = YES;
				CLANG_WARN_INT_CONVERSION = YES;
				CLANG_WARN_NON_LITERAL_NULL_CONVERSION = YES;
				CLANG_WARN_OBJC_IMPLICIT_RETAIN_SELF = YES;
				CLANG_WARN_OBJC_LITERAL_CONVERSION = YES;
				CLANG_WARN_OBJC_ROOT_CLASS = YES_ERROR;
				CLANG_WARN_QUOTED_INCLUDE_IN_FRAMEWORK_HEADER = YES;
				CLANG_WARN_RANGE_LOOP_ANALYSIS = YES;
				CLANG_WARN_STRICT_PROTOTYPES = YES;
				CLANG_WARN_SUSPICIOUS_MOVE = YES;
				CLANG_WARN_UNGUARDED_AVAILABILITY = YES_AGGRESSIVE;
				CLANG_WARN_UNREACHABLE_CODE = YES;
				CLANG_WARN__DUPLICATE_METHOD_MATCH = YES;
				COPY_PHASE_STRIP = NO;
				DEBUG_INFORMATION_FORMAT = dwarf;
				ENABLE_STRICT_OBJC_MSGSEND = YES;
				ENABLE_TESTABILITY = YES;
				GCC_C_LANGUAGE_STANDARD = gnu11;
				GCC_DYNAMIC_NO_PIC = NO;
				GCC_NO_COMMON_BLOCKS = YES;
				GCC_OPTIMIZATION_LEVEL = 0;
				GCC_PREPROCESSOR_DEFINITIONS = (
					"DEBUG=1",
					"$(inherited)",
				);
				GCC_WARN_64_TO_32_BIT_CONVERSION = YES;
				GCC_WARN_ABOUT_RETURN_TYPE = YES_ERROR;
				GCC_WARN_UNDECLARED_SELECTOR = YES;
				GCC_WARN_UNINITIALIZED_AUTOS = YES_AGGRESSIVE;
				GCC_WARN_UNUSED_FUNCTION = YES;
				GCC_WARN_UNUSED_VARIABLE = YES;
				IPHONEOS_DEPLOYMENT_TARGET = 16.4;
				MTL_ENABLE_DEBUG_INFO = INCLUDE_SOURCE;
				MTL_FAST_MATH = YES;
				ONLY_ACTIVE_ARCH = YES;
				SDKROOT = iphoneos;
				SWIFT_ACTIVE_COMPILATION_CONDITIONS = DEBUG;
				SWIFT_OPTIMIZATION_LEVEL = "-Onone";
			};
			name = Debug;
		};
		D97E2D1129FA4C1B00FC5A3C /* Release */ = {
			isa = XCBuildConfiguration;
			buildSettings = {
				ALWAYS_SEARCH_USER_PATHS = NO;
				CLANG_ANALYZER_NONNULL = YES;
				CLANG_ANALYZER_NUMBER_OBJECT_CONVERSION = YES_AGGRESSIVE;
				CLANG_CXX_LANGUAGE_STANDARD = "gnu++20";
				CLANG_ENABLE_MODULES = YES;
				CLANG_ENABLE_OBJC_ARC = YES;
				CLANG_ENABLE_OBJC_WEAK = YES;
				CLANG_WARN_BLOCK_CAPTURE_AUTORELEASING = YES;
				CLANG_WARN_BOOL_CONVERSION = YES;
				CLANG_WARN_COMMA = YES;
				CLANG_WARN_CONSTANT_CONVERSION = YES;
				CLANG_WARN_DEPRECATED_OBJC_IMPLEMENTATIONS = YES;
				CLANG_WARN_DIRECT_OBJC_ISA_USAGE = YES_ERROR;
				CLANG_WARN_DOCUMENTATION_COMMENTS = YES;
				CLANG_WARN_EMPTY_BODY = YES;
				CLANG_WARN_ENUM_CONVERSION = YES;
				CLANG_WARN_INFINITE_RECURSION = YES;
				CLANG_WARN_INT_CONVERSION = YES;
				CLANG_WARN_NON_LITERAL_NULL_CONVERSION = YES;
				CLANG_WARN_OBJC_IMPLICIT_RETAIN_SELF = YES;
				CLANG_WARN_OBJC_LITERAL_CONVERSION = YES;
				CLANG_WARN_OBJC_ROOT_CLASS = YES_ERROR;
				CLANG_WARN_QUOTED_INCLUDE_IN_FRAMEWORK_HEADER = YES;
				CLANG_WARN_RANGE_LOOP_ANALYSIS = YES;
				CLANG_WARN_STRICT_PROTOTYPES = YES;
				CLANG_WARN_SUSPICIOUS_MOVE = YES;
				CLANG_WARN_UNGUARDED_AVAILABILITY = YES_AGGRESSIVE;
				CLANG_WARN_UNREACHABLE_CODE = YES;
				CLANG_WARN__DUPLICATE_METHOD_MATCH = YES;
				COPY_PHASE_STRIP = NO;
				DEBUG_INFORMATION_FORMAT = "dwarf-with-dsym";
				ENABLE_NS_ASSERTIONS = NO;
				ENABLE_STRICT_OBJC_MSGSEND = YES;
				GCC_C_LANGUAGE_STANDARD = gnu11;
				GCC_NO_COMMON_BLOCKS = YES;
				GCC_WARN_64_TO_32_BIT_CONVERSION = YES;
				GCC_WARN_ABOUT_RETURN_TYPE = YES_ERROR;
				GCC_WARN_UNDECLARED_SELECTOR = YES;
				GCC_WARN_UNINITIALIZED_AUTOS = YES_AGGRESSIVE;
				GCC_WARN_UNUSED_FUNCTION = YES;
				GCC_WARN_UNUSED_VARIABLE = YES;
				IPHONEOS_DEPLOYMENT_TARGET = 16.4;
				MTL_ENABLE_DEBUG_INFO = NO;
				MTL_FAST_MATH = YES;
				SDKROOT = iphoneos;
				SWIFT_COMPILATION_MODE = wholemodule;
				SWIFT_OPTIMIZATION_LEVEL = "-O";
				VALIDATE_PRODUCT = YES;
			};
			name = Release;
		};
		D97E2D1329FA4C1B00FC5A3C /* Debug */ = {
			isa = XCBuildConfiguration;
			buildSettings = {
				ASSETCATALOG_COMPILER_APPICON_NAME = AppIcon;
				ASSETCATALOG_COMPILER_GLOBAL_ACCENT_COLOR_NAME = AccentColor;
				CODE_SIGN_STYLE = Automatic;
				CURRENT_PROJECT_VERSION = 1;
				GENERATE_INFOPLIST_FILE = YES;
				INFOPLIST_FILE = Spira/Info.plist;
				INFOPLIST_KEY_UIApplicationSupportsIndirectInputEvents = YES;
				INFOPLIST_KEY_UILaunchStoryboardName = LaunchScreen;
				INFOPLIST_KEY_UISupportedInterfaceOrientations_iPad = "UIInterfaceOrientationPortrait UIInterfaceOrientationPortraitUpsideDown UIInterfaceOrientationLandscapeLeft UIInterfaceOrientationLandscapeRight";
				INFOPLIST_KEY_UISupportedInterfaceOrientations_iPhone = "UIInterfaceOrientationPortrait UIInterfaceOrientationLandscapeLeft UIInterfaceOrientationLandscapeRight";
				LD_RUNPATH_SEARCH_PATHS = (
					"$(inherited)",
					"@executable_path/Frameworks",
				);
				MARKETING_VERSION = 1.0;
				PRODUCT_BUNDLE_IDENTIFIER = PedroJhonatanOrganization.Spira;
				PRODUCT_NAME = "$(TARGET_NAME)";
				SWIFT_EMIT_LOC_STRINGS = YES;
				SWIFT_VERSION = 5.0;
				TARGETED_DEVICE_FAMILY = "1,2";
			};
			name = Debug;
		};
		D97E2D1429FA4C1B00FC5A3C /* Release */ = {
			isa = XCBuildConfiguration;
			buildSettings = {
				ASSETCATALOG_COMPILER_APPICON_NAME = AppIcon;
				ASSETCATALOG_COMPILER_GLOBAL_ACCENT_COLOR_NAME = AccentColor;
				CODE_SIGN_STYLE = Automatic;
				CURRENT_PROJECT_VERSION = 1;
				GENERATE_INFOPLIST_FILE = YES;
				INFOPLIST_FILE = Spira/Info.plist;
				INFOPLIST_KEY_UIApplicationSupportsIndirectInputEvents = YES;
				INFOPLIST_KEY_UILaunchStoryboardName = LaunchScreen;
				INFOPLIST_KEY_UISupportedInterfaceOrientations_iPad = "UIInterfaceOrientationPortrait UIInterfaceOrientationPortraitUpsideDown UIInterfaceOrientationLandscapeLeft UIInterfaceOrientationLandscapeRight";
				INFOPLIST_KEY_UISupportedInterfaceOrientations_iPhone = "UIInterfaceOrientationPortrait UIInterfaceOrientationLandscapeLeft UIInterfaceOrientationLandscapeRight";
				LD_RUNPATH_SEARCH_PATHS = (
					"$(inherited)",
					"@executable_path/Frameworks",
				);
				MARKETING_VERSION = 1.0;
				PRODUCT_BUNDLE_IDENTIFIER = PedroJhonatanOrganization.Spira;
				PRODUCT_NAME = "$(TARGET_NAME)";
				SWIFT_EMIT_LOC_STRINGS = YES;
				SWIFT_VERSION = 5.0;
				TARGETED_DEVICE_FAMILY = "1,2";
			};
			name = Release;
		};
/* End XCBuildConfiguration section */

/* Begin XCConfigurationList section */
		D97E2CF929FA4C1A00FC5A3C /* Build configuration list for PBXProject "Spira" */ = {
			isa = XCConfigurationList;
			buildConfigurations = (
				D97E2D1029FA4C1B00FC5A3C /* Debug */,
				D97E2D1129FA4C1B00FC5A3C /* Release */,
			);
			defaultConfigurationIsVisible = 0;
			defaultConfigurationName = Release;
		};
		D97E2D1229FA4C1B00FC5A3C /* Build configuration list for PBXNativeTarget "Spira" */ = {
			isa = XCConfigurationList;
			buildConfigurations = (
				D97E2D1329FA4C1B00FC5A3C /* Debug */,
				D97E2D1429FA4C1B00FC5A3C /* Release */,
			);
			defaultConfigurationIsVisible = 0;
			defaultConfigurationName = Release;
		};
/* End XCConfigurationList section */

/* Begin XCRemoteSwiftPackageReference section */
		D99A219B29FF56DF00758213 /* XCRemoteSwiftPackageReference "AlamofireImage" */ = {
			isa = XCRemoteSwiftPackageReference;
			repositoryURL = "https://github.com/Alamofire/AlamofireImage.git";
			requirement = {
				kind = upToNextMajorVersion;
				minimumVersion = 4.2.0;
			};
		};
/* End XCRemoteSwiftPackageReference section */

/* Begin XCSwiftPackageProductDependency section */
		D99A219C29FF56DF00758213 /* AlamofireImage */ = {
			isa = XCSwiftPackageProductDependency;
			package = D99A219B29FF56DF00758213 /* XCRemoteSwiftPackageReference "AlamofireImage" */;
			productName = AlamofireImage;
		};
/* End XCSwiftPackageProductDependency section */
	};
	rootObject = D97E2CF629FA4C1A00FC5A3C /* Project object */;
}
